{
  "name": "MarkDownPreview",
  "lockfileVersion": 3,
  "requires": true,
  "packages": {
    "": {
      "dependencies": {
        "marked": "^16.4.1",
        "marked-react": "^3.0.2"
      }
    },
    "node_modules/marked": {
      "version": "16.4.1",
      "resolved": "https://registry.npmjs.org/marked/-/marked-16.4.1.tgz",
      "integrity": "sha512-ntROs7RaN3EvWfy3EZi14H4YxmT6A5YvywfhO+0pm+cH/dnSQRmdAmoFIc3B9aiwTehyk7pESH4ofyBY+V5hZg==",
      "license": "MIT",
      "bin": {
        "marked": "bin/marked.js"
      },
      "engines": {
        "node": ">= 20"
      }
    },
    "node_modules/marked-react": {
      "version": "3.0.2",
      "resolved": "https://registry.npmjs.org/marked-react/-/marked-react-3.0.2.tgz",
      "integrity": "sha512-uLuH5P5i1H+igH+Y7toWX+sM2UGDdYMIPZ9JtBNajkyFiQBoAMJJY7gBlm3nHXHiPDZHkhZ9p/cb9XO0F1qnCA==",
      "license": "MIT",
      "dependencies": {
        "marked": "^16.0.0"
      },
      "peerDependencies": {
        "react": "^16.8.0 || >=17.0.0"
      }
    },
    "node_modules/react": {
      "version": "19.2.0",
      "resolved": "https://registry.npmjs.org/react/-/react-19.2.0.tgz",
      "integrity": "sha512-tmbWg6W31tQLeB5cdIBOicJDJRR2KzXsV7uSK9iNfLWQ5bIZfxuPEHp7M8wiHyHnn0DD1i7w3Zmin0FtkrwoCQ==",
      "license": "MIT",
      "peer": true,
      "engines": {
        "node": ">=0.10.0"
      }
    }
  }
}
